
Microsoft Visual Studio Solution File, Format Version 12.00
# Visual Studio Version 17
VisualStudioVersion = 17.10.34916.146
MinimumVisualStudioVersion = 10.0.40219.1
Project("{9A19103F-16F7-4668-BE54-9A1E7A4F7556}") = "SingleAvaloniaApp", "SingleAvaloniaApp\SingleAvaloniaApp.csproj", "{DEF686F7-1602-4F7C-8B0E-E98ED74AD101}"
EndProject
Project("{FAE04EC0-301F-11D3-BF4B-00C04F79EFBC}") = "DrivePlot", "DrivePlot\DrivePlot.csproj", "{0A70301B-84F5-4365-8CFD-EFAD03B83E59}"
EndProject
Global
	GlobalSection(SolutionConfigurationPlatforms) = preSolution
		Debug|Any CPU = Debug|Any CPU
		Release|Any CPU = Release|Any CPU
	EndGlobalSection
	GlobalSection(ProjectConfigurationPlatforms) = postSolution
		{DEF686F7-1602-4F7C-8B0E-E98ED74AD101}.Debug|Any CPU.ActiveCfg = Debug|Any CPU
		{DEF686F7-1602-4F7C-8B0E-E98ED74AD101}.Debug|Any CPU.Build.0 = Debug|Any CPU
		{DEF686F7-1602-4F7C-8B0E-E98ED74AD101}.Release|Any CPU.ActiveCfg = Release|Any CPU
		{DEF686F7-1602-4F7C-8B0E-E98ED74AD101}.Release|Any CPU.Build.0 = Release|Any CPU
		{0A70301B-84F5-4365-8CFD-EFAD03B83E59}.Debug|Any CPU.ActiveCfg = Debug|Any CPU
		{0A70301B-84F5-4365-8CFD-EFAD03B83E59}.Debug|Any CPU.Build.0 = Debug|Any CPU
		{0A70301B-84F5-4365-8CFD-EFAD03B83E59}.Release|Any CPU.ActiveCfg = Release|Any CPU
		{0A70301B-84F5-4365-8CFD-EFAD03B83E59}.Release|Any CPU.Build.0 = Release|Any CPU
	EndGlobalSection
	GlobalSection(SolutionProperties) = preSolution
		HideSolutionNode = FALSE
	EndGlobalSection
	GlobalSection(ExtensibilityGlobals) = postSolution
		SolutionGuid = {8BE06E16-6C42-4172-A7EC-22D41FDD0D9C}
	EndGlobalSection
EndGlobal
